
Microsoft Visual Studio Solution File, Format Version 12.00
# Visual Studio Version 16
VisualStudioVersion = 16.0.29709.97
MinimumVisualStudioVersion = 10.0.40219.1
Project("{FAE04EC0-301F-11D3-BF4B-00C04F79EFBC}") = "WinFormsGraphics", "WinFormsGraphics.csproj", "{AA41F81A-92FE-4586-A7CF-0A966AAE0DDD}"
EndProject
Project("{FAE04EC0-301F-11D3-BF4B-00C04F79EFBC}") = "AnimationCreateForm", "..\AnimationCreateForm\AnimationCreateForm.csproj", "{5C7257FD-8DA0-4D54-938A-C3A206B3A789}"
	ProjectSection(ProjectDependencies) = postProject
		{AA41F81A-92FE-4586-A7CF-0A966AAE0DDD} = {AA41F81A-92FE-4586-A7CF-0A966AAE0DDD}
	EndProjectSection
EndProject
Global
	GlobalSection(SolutionConfigurationPlatforms) = preSolution
		Debug|Any CPU = Debug|Any CPU
		Release|Any CPU = Release|Any CPU
	EndGlobalSection
	GlobalSection(ProjectConfigurationPlatforms) = postSolution
		{AA41F81A-92FE-4586-A7CF-0A966AAE0DDD}.Debug|Any CPU.ActiveCfg = Debug|Any CPU
		{AA41F81A-92FE-4586-A7CF-0A966AAE0DDD}.Debug|Any CPU.Build.0 = Debug|Any CPU
		{AA41F81A-92FE-4586-A7CF-0A966AAE0DDD}.Release|Any CPU.ActiveCfg = Release|Any CPU
		{AA41F81A-92FE-4586-A7CF-0A966AAE0DDD}.Release|Any CPU.Build.0 = Release|Any CPU
		{5C7257FD-8DA0-4D54-938A-C3A206B3A789}.Debug|Any CPU.ActiveCfg = Debug|Any CPU
		{5C7257FD-8DA0-4D54-938A-C3A206B3A789}.Debug|Any CPU.Build.0 = Debug|Any CPU
		{5C7257FD-8DA0-4D54-938A-C3A206B3A789}.Release|Any CPU.ActiveCfg = Release|Any CPU
		{5C7257FD-8DA0-4D54-938A-C3A206B3A789}.Release|Any CPU.Build.0 = Release|Any CPU
	EndGlobalSection
	GlobalSection(SolutionProperties) = preSolution
		HideSolutionNode = FALSE
	EndGlobalSection
	GlobalSection(ExtensibilityGlobals) = postSolution
		SolutionGuid = {D1CF639D-B03E-49B1-966F-170E3E261A4C}
	EndGlobalSection
EndGlobal
